
Microsoft Visual Studio Solution File, Format Version 12.00
# Visual Studio Version 17
VisualStudioVersion = 17.12.35527.113 d17.12
MinimumVisualStudioVersion = 10.0.40219.1
Project("{FAE04EC0-301F-11D3-BF4B-00C04F79EFBC}") = "PMMSystem.API", "PMMSystem.API\PMMSystem.API.csproj", "{6CB563B2-8910-4D72-8568-B1042FC4FA1E}"
EndProject
Project("{FAE04EC0-301F-11D3-BF4B-00C04F79EFBC}") = "PMMSystem.Domain", "PMMSystem.Domain\PMMSystem.Domain.csproj", "{53C1D7C5-EE50-495A-AB9D-6867F5B3E416}"
EndProject
Project("{FAE04EC0-301F-11D3-BF4B-00C04F79EFBC}") = "PMMSystem.Application", "PMMSystem.Application\PMMSystem.Application.csproj", "{C42176E7-C8CB-4852-A3DB-003A5293CE15}"
EndProject
Project("{FAE04EC0-301F-11D3-BF4B-00C04F79EFBC}") = "PMMSystem.Infrastructure", "PMMSystem.Infrastructure\PMMSystem.Infrastructure.csproj", "{D90021E3-5E11-497C-B063-20E27A6D6E06}"
EndProject
Global
	GlobalSection(SolutionConfigurationPlatforms) = preSolution
		Debug|Any CPU = Debug|Any CPU
		Release|Any CPU = Release|Any CPU
	EndGlobalSection
	GlobalSection(ProjectConfigurationPlatforms) = postSolution
		{6CB563B2-8910-4D72-8568-B1042FC4FA1E}.Debug|Any CPU.ActiveCfg = Debug|Any CPU
		{6CB563B2-8910-4D72-8568-B1042FC4FA1E}.Debug|Any CPU.Build.0 = Debug|Any CPU
		{6CB563B2-8910-4D72-8568-B1042FC4FA1E}.Release|Any CPU.ActiveCfg = Release|Any CPU
		{6CB563B2-8910-4D72-8568-B1042FC4FA1E}.Release|Any CPU.Build.0 = Release|Any CPU
		{53C1D7C5-EE50-495A-AB9D-6867F5B3E416}.Debug|Any CPU.ActiveCfg = Debug|Any CPU
		{53C1D7C5-EE50-495A-AB9D-6867F5B3E416}.Debug|Any CPU.Build.0 = Debug|Any CPU
		{53C1D7C5-EE50-495A-AB9D-6867F5B3E416}.Release|Any CPU.ActiveCfg = Release|Any CPU
		{53C1D7C5-EE50-495A-AB9D-6867F5B3E416}.Release|Any CPU.Build.0 = Release|Any CPU
		{C42176E7-C8CB-4852-A3DB-003A5293CE15}.Debug|Any CPU.ActiveCfg = Debug|Any CPU
		{C42176E7-C8CB-4852-A3DB-003A5293CE15}.Debug|Any CPU.Build.0 = Debug|Any CPU
		{C42176E7-C8CB-4852-A3DB-003A5293CE15}.Release|Any CPU.ActiveCfg = Release|Any CPU
		{C42176E7-C8CB-4852-A3DB-003A5293CE15}.Release|Any CPU.Build.0 = Release|Any CPU
		{D90021E3-5E11-497C-B063-20E27A6D6E06}.Debug|Any CPU.ActiveCfg = Debug|Any CPU
		{D90021E3-5E11-497C-B063-20E27A6D6E06}.Debug|Any CPU.Build.0 = Debug|Any CPU
		{D90021E3-5E11-497C-B063-20E27A6D6E06}.Release|Any CPU.ActiveCfg = Release|Any CPU
		{D90021E3-5E11-497C-B063-20E27A6D6E06}.Release|Any CPU.Build.0 = Release|Any CPU
	EndGlobalSection
	GlobalSection(SolutionProperties) = preSolution
		HideSolutionNode = FALSE
	EndGlobalSection
EndGlobal
